# This file is automatically @generated by Cargo.
# It is not intended for manual editing.
version = 4

[[package]]
name = "abyss"
version = "0.1.0"

[[package]]
name = "aether"
version = "0.1.0"

[[package]]
name = "blacklab"
version = "0.1.0"

[[package]]
name = "boulder"
version = "0.1.0"
dependencies = [
 "abyss",
 "aether",
 "blacklab",
 "kairos",
 "sisyphus-driver-abi",
]

[[package]]
name = "corinth"
version = "0.1.0"
dependencies = [
 "slope",
]

[[package]]
name = "crest"
version = "0.1.0"
dependencies = [
 "slope",
]

[[package]]
name = "kairos"
version = "0.1.0"

[[package]]
name = "push"
version = "0.1.0"
dependencies = [
 "slope",
]

[[package]]
name = "sisyphus-driver-abi"
version = "0.1.0"

[[package]]
name = "slope"
version = "0.1.0"
